// !$*UTF8*$!
{
	archiveVersion = 1;
	classes = {
	};
	objectVersion = 56;
	objects = {

/* Begin PBXBuildFile section */
		0D1FC51C2A89D2E200AB2416 /* locationsLondon.json in Resources */ = {isa = PBXBuildFile; fileRef = 0D1FC51B2A89D2E200AB2416 /* locationsLondon.json */; };
		0D1FC51E2A89D30200AB2416 /* LocationLondonModels.swift in Sources */ = {isa = PBXBuildFile; fileRef = 0D1FC51D2A89D30200AB2416 /* LocationLondonModels.swift */; };
		0D1FC5202A89D3A800AB2416 /* LondonPlacesView.swift in Sources */ = {isa = PBXBuildFile; fileRef = 0D1FC51F2A89D3A800AB2416 /* LondonPlacesView.swift */; };
		0D1FC5252A89D7B200AB2416 /* LocationInfoView.swift in Sources */ = {isa = PBXBuildFile; fileRef = 0D1FC5242A89D7B200AB2416 /* LocationInfoView.swift */; };
		0D1FC5272A89EE7200AB2416 /* MapAnnotationView.swift in Sources */ = {isa = PBXBuildFile; fileRef = 0D1FC5262A89EE7200AB2416 /* MapAnnotationView.swift */; };
		0D1FC5292A8B1D2300AB2416 /* MapRegionProvider.swift in Sources */ = {isa = PBXBuildFile; fileRef = 0D1FC5282A8B1D2300AB2416 /* MapRegionProvider.swift */; };
		0D1FC52F2A8B3C8A00AB2416 /* exercises.json in Resources */ = {isa = PBXBuildFile; fileRef = 0D1FC52E2A8B3C8A00AB2416 /* exercises.json */; };
		0D1FC5322A8B3CA600AB2416 /* ExerciseModel.swift in Sources */ = {isa = PBXBuildFile; fileRef = 0D1FC5312A8B3CA600AB2416 /* ExerciseModel.swift */; };
		0D1FC5342A8B3D8900AB2416 /* VideoGalleryListView.swift in Sources */ = {isa = PBXBuildFile; fileRef = 0D1FC5332A8B3D8900AB2416 /* VideoGalleryListView.swift */; };
		0D1FC5362A8B3FB300AB2416 /* ExerciseListItemView.swift in Sources */ = {isa = PBXBuildFile; fileRef = 0D1FC5352A8B3FB300AB2416 /* ExerciseListItemView.swift */; };
		0D1FC53D2A8C885900AB2416 /* Lunges.mp4 in Resources */ = {isa = PBXBuildFile; fileRef = 0D1FC53A2A8C885900AB2416 /* Lunges.mp4 */; };
		0D1FC53E2A8C885900AB2416 /* Plank.mp4 in Resources */ = {isa = PBXBuildFile; fileRef = 0D1FC53B2A8C885900AB2416 /* Plank.mp4 */; };
		0D1FC53F2A8C885900AB2416 /* Push-Ups.mp4 in Resources */ = {isa = PBXBuildFile; fileRef = 0D1FC53C2A8C885900AB2416 /* Push-Ups.mp4 */; };
		0D1FC5412A8C968600AB2416 /* VideoPlayerView.swift in Sources */ = {isa = PBXBuildFile; fileRef = 0D1FC5402A8C968600AB2416 /* VideoPlayerView.swift */; };
		0D1FC5442A8C96CC00AB2416 /* VideoPlayerHelper.swift in Sources */ = {isa = PBXBuildFile; fileRef = 0D1FC5432A8C96CC00AB2416 /* VideoPlayerHelper.swift */; };
		0D274CF12A840F5400DB5714 /* Enhanced_ComponentsApp.swift in Sources */ = {isa = PBXBuildFile; fileRef = 0D274CF02A840F5400DB5714 /* Enhanced_ComponentsApp.swift */; };
		0D274CF32A840F5400DB5714 /* ContentView.swift in Sources */ = {isa = PBXBuildFile; fileRef = 0D274CF22A840F5400DB5714 /* ContentView.swift */; };
		0D274CF52A840F5500DB5714 /* Assets.xcassets in Resources */ = {isa = PBXBuildFile; fileRef = 0D274CF42A840F5500DB5714 /* Assets.xcassets */; };
		0D274CF82A840F5500DB5714 /* Preview Assets.xcassets in Resources */ = {isa = PBXBuildFile; fileRef = 0D274CF72A840F5500DB5714 /* Preview Assets.xcassets */; };
		0D274D032A84103100DB5714 /* AnimationRandomHelpers.swift in Sources */ = {isa = PBXBuildFile; fileRef = 0D274D022A84103100DB5714 /* AnimationRandomHelpers.swift */; };
		0D274D052A84111C00DB5714 /* MotionAnimationView.swift in Sources */ = {isa = PBXBuildFile; fileRef = 0D274D042A84111C00DB5714 /* MotionAnimationView.swift */; };
		0D274D082A8413F200DB5714 /* RandomOpacityAndScaleModifier.swift in Sources */ = {isa = PBXBuildFile; fileRef = 0D274D072A8413F200DB5714 /* RandomOpacityAndScaleModifier.swift */; };
		0D274D0A2A841B1700DB5714 /* AppColors.swift in Sources */ = {isa = PBXBuildFile; fileRef = 0D274D092A841B1700DB5714 /* AppColors.swift */; };
		0D892B012A87BF9900792B6F /* plants.json in Resources */ = {isa = PBXBuildFile; fileRef = 0D892B002A87BF9900792B6F /* plants.json */; };
		0D892B042A87C56100792B6F /* PlantModel.swift in Sources */ = {isa = PBXBuildFile; fileRef = 0D892B032A87C56100792B6F /* PlantModel.swift */; };
		0D892B072A87C61C00792B6F /* CodableBundleExtension.swift in Sources */ = {isa = PBXBuildFile; fileRef = 0D892B062A87C61C00792B6F /* CodableBundleExtension.swift */; };
		0D892B0A2A87C68800792B6F /* ImageGalleryExtension.swift in Sources */ = {isa = PBXBuildFile; fileRef = 0D892B092A87C68800792B6F /* ImageGalleryExtension.swift */; };
		0D892B0D2A87C6AA00792B6F /* PlantImageView.swift in Sources */ = {isa = PBXBuildFile; fileRef = 0D892B0C2A87C6AA00792B6F /* PlantImageView.swift */; };
		0D892B0F2A87C6C600792B6F /* SliderView.swift in Sources */ = {isa = PBXBuildFile; fileRef = 0D892B0E2A87C6C600792B6F /* SliderView.swift */; };
		0D892B122A87C70B00792B6F /* ImageGalleryView.swift in Sources */ = {isa = PBXBuildFile; fileRef = 0D892B112A87C70B00792B6F /* ImageGalleryView.swift */; };
		0D892B172A889BD100792B6F /* ListItemView.swift in Sources */ = {isa = PBXBuildFile; fileRef = 0D892B162A889BD100792B6F /* ListItemView.swift */; };
		0D892B1A2A889C1100792B6F /* ComponentModel.swift in Sources */ = {isa = PBXBuildFile; fileRef = 0D892B192A889C1100792B6F /* ComponentModel.swift */; };
		0D892B1B2A889DC700792B6F /* components.json in Resources */ = {isa = PBXBuildFile; fileRef = 0D892B142A889A3000792B6F /* components.json */; };
		0D8A989F2A8F4940009D4E44 /* Burpees.mp4 in Resources */ = {isa = PBXBuildFile; fileRef = 0D8A989E2A8F4940009D4E44 /* Burpees.mp4 */; };
		0D8A98A32A8F4AC7009D4E44 /* Squats.mp4 in Resources */ = {isa = PBXBuildFile; fileRef = 0D8A98A02A8F4AC6009D4E44 /* Squats.mp4 */; };
		0D8A98A42A8F4AC7009D4E44 /* Crunches.mp4 in Resources */ = {isa = PBXBuildFile; fileRef = 0D8A98A12A8F4AC6009D4E44 /* Crunches.mp4 */; };
		0D8A98A52A8F4AC7009D4E44 /* Mountain-Climbers.mp4 in Resources */ = {isa = PBXBuildFile; fileRef = 0D8A98A22A8F4AC7009D4E44 /* Mountain-Climbers.mp4 */; };
		0D8A98AA2A8FABED009D4E44 /* AdvancedGridShowcaseView.swift in Sources */ = {isa = PBXBuildFile; fileRef = 0D8A98A92A8FABED009D4E44 /* AdvancedGridShowcaseView.swift */; };
		0D8A98AD2A8FB799009D4E44 /* CoverImageView.swift in Sources */ = {isa = PBXBuildFile; fileRef = 0D8A98AC2A8FB799009D4E44 /* CoverImageView.swift */; };
		0D8A98B02A8FBC1B009D4E44 /* PlantListItemView.swift in Sources */ = {isa = PBXBuildFile; fileRef = 0D8A98AF2A8FBC1B009D4E44 /* PlantListItemView.swift */; };
		0D8A98B22A8FC0B5009D4E44 /* PlantGridItemView.swift in Sources */ = {isa = PBXBuildFile; fileRef = 0D8A98B12A8FC0B5009D4E44 /* PlantGridItemView.swift */; };
/* End PBXBuildFile section */

/* Begin PBXFileReference section */
		0D1FC51B2A89D2E200AB2416 /* locationsLondon.json */ = {isa = PBXFileReference; lastKnownFileType = text.json; path = locationsLondon.json; sourceTree = "<group>"; };
		0D1FC51D2A89D30200AB2416 /* LocationLondonModels.swift */ = {isa = PBXFileReference; lastKnownFileType = sourcecode.swift; path = LocationLondonModels.swift; sourceTree = "<group>"; };
		0D1FC51F2A89D3A800AB2416 /* LondonPlacesView.swift */ = {isa = PBXFileReference; lastKnownFileType = sourcecode.swift; path = LondonPlacesView.swift; sourceTree = "<group>"; };
		0D1FC5242A89D7B200AB2416 /* LocationInfoView.swift */ = {isa = PBXFileReference; lastKnownFileType = sourcecode.swift; path = LocationInfoView.swift; sourceTree = "<group>"; };
		0D1FC5262A89EE7200AB2416 /* MapAnnotationView.swift */ = {isa = PBXFileReference; lastKnownFileType = sourcecode.swift; path = MapAnnotationView.swift; sourceTree = "<group>"; };
		0D1FC5282A8B1D2300AB2416 /* MapRegionProvider.swift */ = {isa = PBXFileReference; lastKnownFileType = sourcecode.swift; path = MapRegionProvider.swift; sourceTree = "<group>"; };
		0D1FC52E2A8B3C8A00AB2416 /* exercises.json */ = {isa = PBXFileReference; lastKnownFileType = text.json; path = exercises.json; sourceTree = "<group>"; };
		0D1FC5312A8B3CA600AB2416 /* ExerciseModel.swift */ = {isa = PBXFileReference; lastKnownFileType = sourcecode.swift; path = ExerciseModel.swift; sourceTree = "<group>"; };
		0D1FC5332A8B3D8900AB2416 /* VideoGalleryListView.swift */ = {isa = PBXFileReference; lastKnownFileType = sourcecode.swift; path = VideoGalleryListView.swift; sourceTree = "<group>"; };
		0D1FC5352A8B3FB300AB2416 /* ExerciseListItemView.swift */ = {isa = PBXFileReference; lastKnownFileType = sourcecode.swift; path = ExerciseListItemView.swift; sourceTree = "<group>"; };
		0D1FC53A2A8C885900AB2416 /* Lunges.mp4 */ = {isa = PBXFileReference; lastKnownFileType = file; path = Lunges.mp4; sourceTree = "<group>"; };
		0D1FC53B2A8C885900AB2416 /* Plank.mp4 */ = {isa = PBXFileReference; lastKnownFileType = file; path = Plank.mp4; sourceTree = "<group>"; };
		0D1FC53C2A8C885900AB2416 /* Push-Ups.mp4 */ = {isa = PBXFileReference; lastKnownFileType = file; path = "Push-Ups.mp4"; sourceTree = "<group>"; };
		0D1FC5402A8C968600AB2416 /* VideoPlayerView.swift */ = {isa = PBXFileReference; lastKnownFileType = sourcecode.swift; path = VideoPlayerView.swift; sourceTree = "<group>"; };
		0D1FC5432A8C96CC00AB2416 /* VideoPlayerHelper.swift */ = {isa = PBXFileReference; lastKnownFileType = sourcecode.swift; path = VideoPlayerHelper.swift; sourceTree = "<group>"; };
		0D274CED2A840F5400DB5714 /* Enhanced-Components.app */ = {isa = PBXFileReference; explicitFileType = wrapper.application; includeInIndex = 0; path = "Enhanced-Components.app"; sourceTree = BUILT_PRODUCTS_DIR; };
		0D274CF02A840F5400DB5714 /* Enhanced_ComponentsApp.swift */ = {isa = PBXFileReference; lastKnownFileType = sourcecode.swift; path = Enhanced_ComponentsApp.swift; sourceTree = "<group>"; };
		0D274CF22A840F5400DB5714 /* ContentView.swift */ = {isa = PBXFileReference; lastKnownFileType = sourcecode.swift; path = ContentView.swift; sourceTree = "<group>"; };
		0D274CF42A840F5500DB5714 /* Assets.xcassets */ = {isa = PBXFileReference; lastKnownFileType = folder.assetcatalog; path = Assets.xcassets; sourceTree = "<group>"; };
		0D274CF72A840F5500DB5714 /* Preview Assets.xcassets */ = {isa = PBXFileReference; lastKnownFileType = folder.assetcatalog; path = "Preview Assets.xcassets"; sourceTree = "<group>"; };
		0D274D022A84103100DB5714 /* AnimationRandomHelpers.swift */ = {isa = PBXFileReference; lastKnownFileType = sourcecode.swift; path = AnimationRandomHelpers.swift; sourceTree = "<group>"; };
		0D274D042A84111C00DB5714 /* MotionAnimationView.swift */ = {isa = PBXFileReference; lastKnownFileType = sourcecode.swift; path = MotionAnimationView.swift; sourceTree = "<group>"; };
		0D274D072A8413F200DB5714 /* RandomOpacityAndScaleModifier.swift */ = {isa = PBXFileReference; lastKnownFileType = sourcecode.swift; path = RandomOpacityAndScaleModifier.swift; sourceTree = "<group>"; };
		0D274D092A841B1700DB5714 /* AppColors.swift */ = {isa = PBXFileReference; lastKnownFileType = sourcecode.swift; path = AppColors.swift; sourceTree = "<group>"; };
		0D892B002A87BF9900792B6F /* plants.json */ = {isa = PBXFileReference; lastKnownFileType = text.json; path = plants.json; sourceTree = "<group>"; };
		0D892B032A87C56100792B6F /* PlantModel.swift */ = {isa = PBXFileReference; lastKnownFileType = sourcecode.swift; path = PlantModel.swift; sourceTree = "<group>"; };
		0D892B062A87C61C00792B6F /* CodableBundleExtension.swift */ = {isa = PBXFileReference; lastKnownFileType = sourcecode.swift; path = CodableBundleExtension.swift; sourceTree = "<group>"; };
		0D892B092A87C68800792B6F /* ImageGalleryExtension.swift */ = {isa = PBXFileReference; lastKnownFileType = sourcecode.swift; path = ImageGalleryExtension.swift; sourceTree = "<group>"; };
		0D892B0C2A87C6AA00792B6F /* PlantImageView.swift */ = {isa = PBXFileReference; lastKnownFileType = sourcecode.swift; path = PlantImageView.swift; sourceTree = "<group>"; };
		0D892B0E2A87C6C600792B6F /* SliderView.swift */ = {isa = PBXFileReference; lastKnownFileType = sourcecode.swift; path = SliderView.swift; sourceTree = "<group>"; };
		0D892B112A87C70B00792B6F /* ImageGalleryView.swift */ = {isa = PBXFileReference; lastKnownFileType = sourcecode.swift; path = ImageGalleryView.swift; sourceTree = "<group>"; };
		0D892B142A889A3000792B6F /* components.json */ = {isa = PBXFileReference; lastKnownFileType = text.json; path = components.json; sourceTree = "<group>"; };
		0D892B162A889BD100792B6F /* ListItemView.swift */ = {isa = PBXFileReference; lastKnownFileType = sourcecode.swift; path = ListItemView.swift; sourceTree = "<group>"; };
		0D892B192A889C1100792B6F /* ComponentModel.swift */ = {isa = PBXFileReference; lastKnownFileType = sourcecode.swift; path = ComponentModel.swift; sourceTree = "<group>"; };
		0D8A989E2A8F4940009D4E44 /* Burpees.mp4 */ = {isa = PBXFileReference; lastKnownFileType = file; path = Burpees.mp4; sourceTree = "<group>"; };
		0D8A98A02A8F4AC6009D4E44 /* Squats.mp4 */ = {isa = PBXFileReference; lastKnownFileType = file; path = Squats.mp4; sourceTree = "<group>"; };
		0D8A98A12A8F4AC6009D4E44 /* Crunches.mp4 */ = {isa = PBXFileReference; lastKnownFileType = file; path = Crunches.mp4; sourceTree = "<group>"; };
		0D8A98A22A8F4AC7009D4E44 /* Mountain-Climbers.mp4 */ = {isa = PBXFileReference; lastKnownFileType = file; path = "Mountain-Climbers.mp4"; sourceTree = "<group>"; };
		0D8A98A92A8FABED009D4E44 /* AdvancedGridShowcaseView.swift */ = {isa = PBXFileReference; lastKnownFileType = sourcecode.swift; path = AdvancedGridShowcaseView.swift; sourceTree = "<group>"; };
		0D8A98AC2A8FB799009D4E44 /* CoverImageView.swift */ = {isa = PBXFileReference; lastKnownFileType = sourcecode.swift; path = CoverImageView.swift; sourceTree = "<group>"; };
		0D8A98AF2A8FBC1B009D4E44 /* PlantListItemView.swift */ = {isa = PBXFileReference; lastKnownFileType = sourcecode.swift; path = PlantListItemView.swift; sourceTree = "<group>"; };
		0D8A98B12A8FC0B5009D4E44 /* PlantGridItemView.swift */ = {isa = PBXFileReference; lastKnownFileType = sourcecode.swift; path = PlantGridItemView.swift; sourceTree = "<group>"; };
/* End PBXFileReference section */

/* Begin PBXFrameworksBuildPhase section */
		0D274CEA2A840F5400DB5714 /* Frameworks */ = {
			isa = PBXFrameworksBuildPhase;
			buildActionMask = 2147483647;
			files = (
			);
			runOnlyForDeploymentPostprocessing = 0;
		};
/* End PBXFrameworksBuildPhase section */

/* Begin PBXGroup section */
		0D1FC51A2A89D1A200AB2416 /* Maps */ = {
			isa = PBXGroup;
			children = (
				0D1FC52B2A8B2FEB00AB2416 /* AnnotatedMapWithInfoOverlay */,
			);
			path = Maps;
			sourceTree = "<group>";
		};
		0D1FC5212A89D76800AB2416 /* View */ = {
			isa = PBXGroup;
			children = (
				0D1FC5242A89D7B200AB2416 /* LocationInfoView.swift */,
				0D1FC5262A89EE7200AB2416 /* MapAnnotationView.swift */,
			);
			path = View;
			sourceTree = "<group>";
		};
		0D1FC5222A89D77100AB2416 /* Data */ = {
			isa = PBXGroup;
			children = (
				0D1FC51B2A89D2E200AB2416 /* locationsLondon.json */,
			);
			path = Data;
			sourceTree = "<group>";
		};
		0D1FC5232A89D77C00AB2416 /* Model */ = {
			isa = PBXGroup;
			children = (
				0D1FC51D2A89D30200AB2416 /* LocationLondonModels.swift */,
			);
			path = Model;
			sourceTree = "<group>";
		};
		0D1FC52A2A8B20C200AB2416 /* Utilities */ = {
			isa = PBXGroup;
			children = (
				0D1FC5282A8B1D2300AB2416 /* MapRegionProvider.swift */,
			);
			path = Utilities;
			sourceTree = "<group>";
		};
		0D1FC52B2A8B2FEB00AB2416 /* AnnotatedMapWithInfoOverlay */ = {
			isa = PBXGroup;
			children = (
				0D1FC51F2A89D3A800AB2416 /* LondonPlacesView.swift */,
				0D1FC5232A89D77C00AB2416 /* Model */,
				0D1FC5222A89D77100AB2416 /* Data */,
				0D1FC5212A89D76800AB2416 /* View */,
				0D1FC52A2A8B20C200AB2416 /* Utilities */,
			);
			path = AnnotatedMapWithInfoOverlay;
			sourceTree = "<group>";
		};
		0D1FC52C2A8B371100AB2416 /* Videos */ = {
			isa = PBXGroup;
			children = (
				0D1FC5332A8B3D8900AB2416 /* VideoGalleryListView.swift */,
				0D1FC5372A8B3FB900AB2416 /* View */,
			);
			path = Videos;
			sourceTree = "<group>";
		};
		0D1FC5372A8B3FB900AB2416 /* View */ = {
			isa = PBXGroup;
			children = (
				0D1FC5352A8B3FB300AB2416 /* ExerciseListItemView.swift */,
				0D1FC5402A8C968600AB2416 /* VideoPlayerView.swift */,
			);
			path = View;
			sourceTree = "<group>";
		};
		0D1FC5382A8BEB4C00AB2416 /* AppVideo */ = {
			isa = PBXGroup;
			children = (
				0D1FC5392A8BEB5500AB2416 /* VideoGallery */,
			);
			path = AppVideo;
			sourceTree = "<group>";
		};
		0D1FC5392A8BEB5500AB2416 /* VideoGallery */ = {
			isa = PBXGroup;
			children = (
				0D1FC53B2A8C885900AB2416 /* Plank.mp4 */,
				0D1FC53C2A8C885900AB2416 /* Push-Ups.mp4 */,
				0D8A989E2A8F4940009D4E44 /* Burpees.mp4 */,
				0D8A98A12A8F4AC6009D4E44 /* Crunches.mp4 */,
				0D8A98A22A8F4AC7009D4E44 /* Mountain-Climbers.mp4 */,
				0D8A98A02A8F4AC6009D4E44 /* Squats.mp4 */,
				0D1FC53A2A8C885900AB2416 /* Lunges.mp4 */,
			);
			path = VideoGallery;
			sourceTree = "<group>";
		};
		0D1FC5422A8C96B400AB2416 /* AppHalper */ = {
			isa = PBXGroup;
			children = (
				0D1FC5432A8C96CC00AB2416 /* VideoPlayerHelper.swift */,
			);
			path = AppHalper;
			sourceTree = "<group>";
		};
		0D274CE42A840F5400DB5714 = {
			isa = PBXGroup;
			children = (
				0D274CEF2A840F5400DB5714 /* Enhanced-Components */,
				0D274CEE2A840F5400DB5714 /* Products */,
			);
			sourceTree = "<group>";
		};
		0D274CEE2A840F5400DB5714 /* Products */ = {
			isa = PBXGroup;
			children = (
				0D274CED2A840F5400DB5714 /* Enhanced-Components.app */,
			);
			name = Products;
			sourceTree = "<group>";
		};
		0D274CEF2A840F5400DB5714 /* Enhanced-Components */ = {
			isa = PBXGroup;
			children = (
				0D1FC5422A8C96B400AB2416 /* AppHalper */,
				0D1FC5382A8BEB4C00AB2416 /* AppVideo */,
				0D892B182A889BF600792B6F /* AppModel */,
				0D892B152A889BB700792B6F /* AppView */,
				0D892B132A8899D700792B6F /* AppData */,
				0D892B052A87C57500792B6F /* AppExtension */,
				0D274D0C2A841C0700DB5714 /* App */,
				0D274D0D2A841C3900DB5714 /* AppAssets */,
				0D274D0B2A841BF500DB5714 /* AppColors */,
				0D274CFE2A840FDC00DB5714 /* Animations */,
				0D892B102A87C6F600792B6F /* Galleries */,
				0D1FC52C2A8B371100AB2416 /* Videos */,
				0D1FC51A2A89D1A200AB2416 /* Maps */,
				0D274CF62A840F5500DB5714 /* Preview Content */,
			);
			path = "Enhanced-Components";
			sourceTree = "<group>";
		};
		0D274CF62A840F5500DB5714 /* Preview Content */ = {
			isa = PBXGroup;
			children = (
				0D274CF72A840F5500DB5714 /* Preview Assets.xcassets */,
			);
			path = "Preview Content";
			sourceTree = "<group>";
		};
		0D274CFE2A840FDC00DB5714 /* Animations */ = {
			isa = PBXGroup;
			children = (
				0D274CFF2A840FEF00DB5714 /* Motion Animation */,
			);
			path = Animations;
			sourceTree = "<group>";
		};
		0D274CFF2A840FEF00DB5714 /* Motion Animation */ = {
			isa = PBXGroup;
			children = (
				0D274D062A8413C500DB5714 /* Modifiers */,
				0D274D012A84100F00DB5714 /* Utilities */,
				0D274D002A84100200DB5714 /* View */,
			);
			path = "Motion Animation";
			sourceTree = "<group>";
		};
		0D274D002A84100200DB5714 /* View */ = {
			isa = PBXGroup;
			children = (
				0D274D042A84111C00DB5714 /* MotionAnimationView.swift */,
			);
			path = View;
			sourceTree = "<group>";
		};
		0D274D012A84100F00DB5714 /* Utilities */ = {
			isa = PBXGroup;
			children = (
				0D274D022A84103100DB5714 /* AnimationRandomHelpers.swift */,
			);
			path = Utilities;
			sourceTree = "<group>";
		};
		0D274D062A8413C500DB5714 /* Modifiers */ = {
			isa = PBXGroup;
			children = (
				0D274D072A8413F200DB5714 /* RandomOpacityAndScaleModifier.swift */,
			);
			path = Modifiers;
			sourceTree = "<group>";
		};
		0D274D0B2A841BF500DB5714 /* AppColors */ = {
			isa = PBXGroup;
			children = (
				0D274D092A841B1700DB5714 /* AppColors.swift */,
			);
			path = AppColors;
			sourceTree = "<group>";
		};
		0D274D0C2A841C0700DB5714 /* App */ = {
			isa = PBXGroup;
			children = (
				0D274CF02A840F5400DB5714 /* Enhanced_ComponentsApp.swift */,
				0D274CF22A840F5400DB5714 /* ContentView.swift */,
			);
			path = App;
			sourceTree = "<group>";
		};
		0D274D0D2A841C3900DB5714 /* AppAssets */ = {
			isa = PBXGroup;
			children = (
				0D274CF42A840F5500DB5714 /* Assets.xcassets */,
			);
			path = AppAssets;
			sourceTree = "<group>";
		};
		0D892AFE2A87BF0C00792B6F /* ImageGallery */ = {
			isa = PBXGroup;
			children = (
				0D892B0B2A87C69D00792B6F /* View */,
				0D892B082A87C63C00792B6F /* Utilities */,
				0D892B112A87C70B00792B6F /* ImageGalleryView.swift */,
			);
			path = ImageGallery;
			sourceTree = "<group>";
		};
		0D892B052A87C57500792B6F /* AppExtension */ = {
			isa = PBXGroup;
			children = (
				0D892B062A87C61C00792B6F /* CodableBundleExtension.swift */,
			);
			path = AppExtension;
			sourceTree = "<group>";
		};
		0D892B082A87C63C00792B6F /* Utilities */ = {
			isa = PBXGroup;
			children = (
				0D892B092A87C68800792B6F /* ImageGalleryExtension.swift */,
			);
			path = Utilities;
			sourceTree = "<group>";
		};
		0D892B0B2A87C69D00792B6F /* View */ = {
			isa = PBXGroup;
			children = (
				0D892B0C2A87C6AA00792B6F /* PlantImageView.swift */,
				0D892B0E2A87C6C600792B6F /* SliderView.swift */,
			);
			path = View;
			sourceTree = "<group>";
		};
		0D892B102A87C6F600792B6F /* Galleries */ = {
			isa = PBXGroup;
			children = (
				0D8A98A82A8FAB4B009D4E44 /* AdvancedGridShowcase */,
				0D892AFE2A87BF0C00792B6F /* ImageGallery */,
			);
			path = Galleries;
			sourceTree = "<group>";
		};
		0D892B132A8899D700792B6F /* AppData */ = {
			isa = PBXGroup;
			children = (
				0D1FC52E2A8B3C8A00AB2416 /* exercises.json */,
				0D892B002A87BF9900792B6F /* plants.json */,
				0D892B142A889A3000792B6F /* components.json */,
			);
			path = AppData;
			sourceTree = "<group>";
		};
		0D892B152A889BB700792B6F /* AppView */ = {
			isa = PBXGroup;
			children = (
				0D892B162A889BD100792B6F /* ListItemView.swift */,
			);
			path = AppView;
			sourceTree = "<group>";
		};
		0D892B182A889BF600792B6F /* AppModel */ = {
			isa = PBXGroup;
			children = (
				0D1FC5312A8B3CA600AB2416 /* ExerciseModel.swift */,
				0D892B032A87C56100792B6F /* PlantModel.swift */,
				0D892B192A889C1100792B6F /* ComponentModel.swift */,
			);
			path = AppModel;
			sourceTree = "<group>";
		};
		0D8A98A82A8FAB4B009D4E44 /* AdvancedGridShowcase */ = {
			isa = PBXGroup;
			children = (
				0D8A98AB2A8FB786009D4E44 /* View */,
				0D8A98A92A8FABED009D4E44 /* AdvancedGridShowcaseView.swift */,
			);
			path = AdvancedGridShowcase;
			sourceTree = "<group>";
		};
		0D8A98AB2A8FB786009D4E44 /* View */ = {
			isa = PBXGroup;
			children = (
				0D8A98AC2A8FB799009D4E44 /* CoverImageView.swift */,
				0D8A98AF2A8FBC1B009D4E44 /* PlantListItemView.swift */,
				0D8A98B12A8FC0B5009D4E44 /* PlantGridItemView.swift */,
			);
			path = View;
			sourceTree = "<group>";
		};
/* End PBXGroup section */

/* Begin PBXNativeTarget section */
		0D274CEC2A840F5400DB5714 /* Enhanced-Components */ = {
			isa = PBXNativeTarget;
			buildConfigurationList = 0D274CFB2A840F5500DB5714 /* Build configuration list for PBXNativeTarget "Enhanced-Components" */;
			buildPhases = (
				0D274CE92A840F5400DB5714 /* Sources */,
				0D274CEA2A840F5400DB5714 /* Frameworks */,
				0D274CEB2A840F5400DB5714 /* Resources */,
			);
			buildRules = (
			);
			dependencies = (
			);
			name = "Enhanced-Components";
			productName = "Enhanced-Components";
			productReference = 0D274CED2A840F5400DB5714 /* Enhanced-Components.app */;
			productType = "com.apple.product-type.application";
		};
/* End PBXNativeTarget section */

/* Begin PBXProject section */
		0D274CE52A840F5400DB5714 /* Project object */ = {
			isa = PBXProject;
			attributes = {
				BuildIndependentTargetsInParallel = 1;
				LastSwiftUpdateCheck = 1430;
				LastUpgradeCheck = 1430;
				TargetAttributes = {
					0D274CEC2A840F5400DB5714 = {
						CreatedOnToolsVersion = 14.3.1;
					};
				};
			};
			buildConfigurationList = 0D274CE82A840F5400DB5714 /* Build configuration list for PBXProject "Enhanced-Components" */;
			compatibilityVersion = "Xcode 14.0";
			developmentRegion = en;
			hasScannedForEncodings = 0;
			knownRegions = (
				en,
				Base,
			);
			mainGroup = 0D274CE42A840F5400DB5714;
			productRefGroup = 0D274CEE2A840F5400DB5714 /* Products */;
			projectDirPath = "";
			projectRoot = "";
			targets = (
				0D274CEC2A840F5400DB5714 /* Enhanced-Components */,
			);
		};
/* End PBXProject section */

/* Begin PBXResourcesBuildPhase section */
		0D274CEB2A840F5400DB5714 /* Resources */ = {
			isa = PBXResourcesBuildPhase;
			buildActionMask = 2147483647;
			files = (
				0D8A989F2A8F4940009D4E44 /* Burpees.mp4 in Resources */,
				0D274CF82A840F5500DB5714 /* Preview Assets.xcassets in Resources */,
				0D892B1B2A889DC700792B6F /* components.json in Resources */,
				0D892B012A87BF9900792B6F /* plants.json in Resources */,
				0D1FC51C2A89D2E200AB2416 /* locationsLondon.json in Resources */,
				0D8A98A32A8F4AC7009D4E44 /* Squats.mp4 in Resources */,
				0D8A98A52A8F4AC7009D4E44 /* Mountain-Climbers.mp4 in Resources */,
				0D1FC53D2A8C885900AB2416 /* Lunges.mp4 in Resources */,
				0D274CF52A840F5500DB5714 /* Assets.xcassets in Resources */,
				0D1FC53E2A8C885900AB2416 /* Plank.mp4 in Resources */,
				0D1FC53F2A8C885900AB2416 /* Push-Ups.mp4 in Resources */,
				0D8A98A42A8F4AC7009D4E44 /* Crunches.mp4 in Resources */,
				0D1FC52F2A8B3C8A00AB2416 /* exercises.json in Resources */,
			);
			runOnlyForDeploymentPostprocessing = 0;
		};
/* End PBXResourcesBuildPhase section */

/* Begin PBXSourcesBuildPhase section */
		0D274CE92A840F5400DB5714 /* Sources */ = {
			isa = PBXSourcesBuildPhase;
			buildActionMask = 2147483647;
			files = (
				0D892B072A87C61C00792B6F /* CodableBundleExtension.swift in Sources */,
				0D892B172A889BD100792B6F /* ListItemView.swift in Sources */,
				0D274D032A84103100DB5714 /* AnimationRandomHelpers.swift in Sources */,
				0D8A98AA2A8FABED009D4E44 /* AdvancedGridShowcaseView.swift in Sources */,
				0D892B0D2A87C6AA00792B6F /* PlantImageView.swift in Sources */,
				0D892B122A87C70B00792B6F /* ImageGalleryView.swift in Sources */,
				0D1FC5362A8B3FB300AB2416 /* ExerciseListItemView.swift in Sources */,
				0D274D052A84111C00DB5714 /* MotionAnimationView.swift in Sources */,
				0D1FC5272A89EE7200AB2416 /* MapAnnotationView.swift in Sources */,
				0D892B0F2A87C6C600792B6F /* SliderView.swift in Sources */,
				0D8A98B02A8FBC1B009D4E44 /* PlantListItemView.swift in Sources */,
				0D892B042A87C56100792B6F /* PlantModel.swift in Sources */,
				0D892B0A2A87C68800792B6F /* ImageGalleryExtension.swift in Sources */,
				0D892B1A2A889C1100792B6F /* ComponentModel.swift in Sources */,
				0D274D082A8413F200DB5714 /* RandomOpacityAndScaleModifier.swift in Sources */,
				0D1FC5252A89D7B200AB2416 /* LocationInfoView.swift in Sources */,
				0D274D0A2A841B1700DB5714 /* AppColors.swift in Sources */,
				0D8A98B22A8FC0B5009D4E44 /* PlantGridItemView.swift in Sources */,
				0D1FC5292A8B1D2300AB2416 /* MapRegionProvider.swift in Sources */,
				0D274CF32A840F5400DB5714 /* ContentView.swift in Sources */,
				0D1FC5342A8B3D8900AB2416 /* VideoGalleryListView.swift in Sources */,
				0D1FC51E2A89D30200AB2416 /* LocationLondonModels.swift in Sources */,
				0D8A98AD2A8FB799009D4E44 /* CoverImageView.swift in Sources */,
				0D1FC5202A89D3A800AB2416 /* LondonPlacesView.swift in Sources */,
				0D274CF12A840F5400DB5714 /* Enhanced_ComponentsApp.swift in Sources */,
				0D1FC5322A8B3CA600AB2416 /* ExerciseModel.swift in Sources */,
				0D1FC5442A8C96CC00AB2416 /* VideoPlayerHelper.swift in Sources */,
				0D1FC5412A8C968600AB2416 /* VideoPlayerView.swift in Sources */,
			);
			runOnlyForDeploymentPostprocessing = 0;
		};
/* End PBXSourcesBuildPhase section */

/* Begin XCBuildConfiguration section */
		0D274CF92A840F5500DB5714 /* Debug */ = {
			isa = XCBuildConfiguration;
			buildSettings = {
				ALWAYS_SEARCH_USER_PATHS = NO;
				CLANG_ANALYZER_NONNULL = YES;
				CLANG_ANALYZER_NUMBER_OBJECT_CONVERSION = YES_AGGRESSIVE;
				CLANG_CXX_LANGUAGE_STANDARD = "gnu++20";
				CLANG_ENABLE_MODULES = YES;
				CLANG_ENABLE_OBJC_ARC = YES;
				CLANG_ENABLE_OBJC_WEAK = YES;
				CLANG_WARN_BLOCK_CAPTURE_AUTORELEASING = YES;
				CLANG_WARN_BOOL_CONVERSION = YES;
				CLANG_WARN_COMMA = YES;
				CLANG_WARN_CONSTANT_CONVERSION = YES;
				CLANG_WARN_DEPRECATED_OBJC_IMPLEMENTATIONS = YES;
				CLANG_WARN_DIRECT_OBJC_ISA_USAGE = YES_ERROR;
				CLANG_WARN_DOCUMENTATION_COMMENTS = YES;
				CLANG_WARN_EMPTY_BODY = YES;
				CLANG_WARN_ENUM_CONVERSION = YES;
				CLANG_WARN_INFINITE_RECURSION = YES;
				CLANG_WARN_INT_CONVERSION = YES;
				CLANG_WARN_NON_LITERAL_NULL_CONVERSION = YES;
				CLANG_WARN_OBJC_IMPLICIT_RETAIN_SELF = YES;
				CLANG_WARN_OBJC_LITERAL_CONVERSION = YES;
				CLANG_WARN_OBJC_ROOT_CLASS = YES_ERROR;
				CLANG_WARN_QUOTED_INCLUDE_IN_FRAMEWORK_HEADER = YES;
				CLANG_WARN_RANGE_LOOP_ANALYSIS = YES;
				CLANG_WARN_STRICT_PROTOTYPES = YES;
				CLANG_WARN_SUSPICIOUS_MOVE = YES;
				CLANG_WARN_UNGUARDED_AVAILABILITY = YES_AGGRESSIVE;
				CLANG_WARN_UNREACHABLE_CODE = YES;
				CLANG_WARN__DUPLICATE_METHOD_MATCH = YES;
				COPY_PHASE_STRIP = NO;
				DEBUG_INFORMATION_FORMAT = dwarf;
				ENABLE_STRICT_OBJC_MSGSEND = YES;
				ENABLE_TESTABILITY = YES;
				GCC_C_LANGUAGE_STANDARD = gnu11;
				GCC_DYNAMIC_NO_PIC = NO;
				GCC_NO_COMMON_BLOCKS = YES;
				GCC_OPTIMIZATION_LEVEL = 0;
				GCC_PREPROCESSOR_DEFINITIONS = (
					"DEBUG=1",
					"$(inherited)",
				);
				GCC_WARN_64_TO_32_BIT_CONVERSION = YES;
				GCC_WARN_ABOUT_RETURN_TYPE = YES_ERROR;
				GCC_WARN_UNDECLARED_SELECTOR = YES;
				GCC_WARN_UNINITIALIZED_AUTOS = YES_AGGRESSIVE;
				GCC_WARN_UNUSED_FUNCTION = YES;
				GCC_WARN_UNUSED_VARIABLE = YES;
				IPHONEOS_DEPLOYMENT_TARGET = 16.4;
				MTL_ENABLE_DEBUG_INFO = INCLUDE_SOURCE;
				MTL_FAST_MATH = YES;
				ONLY_ACTIVE_ARCH = YES;
				SDKROOT = iphoneos;
				SWIFT_ACTIVE_COMPILATION_CONDITIONS = DEBUG;
				SWIFT_OPTIMIZATION_LEVEL = "-Onone";
			};
			name = Debug;
		};
		0D274CFA2A840F5500DB5714 /* Release */ = {
			isa = XCBuildConfiguration;
			buildSettings = {
				ALWAYS_SEARCH_USER_PATHS = NO;
				CLANG_ANALYZER_NONNULL = YES;
				CLANG_ANALYZER_NUMBER_OBJECT_CONVERSION = YES_AGGRESSIVE;
				CLANG_CXX_LANGUAGE_STANDARD = "gnu++20";
				CLANG_ENABLE_MODULES = YES;
				CLANG_ENABLE_OBJC_ARC = YES;
				CLANG_ENABLE_OBJC_WEAK = YES;
				CLANG_WARN_BLOCK_CAPTURE_AUTORELEASING = YES;
				CLANG_WARN_BOOL_CONVERSION = YES;
				CLANG_WARN_COMMA = YES;
				CLANG_WARN_CONSTANT_CONVERSION = YES;
				CLANG_WARN_DEPRECATED_OBJC_IMPLEMENTATIONS = YES;
				CLANG_WARN_DIRECT_OBJC_ISA_USAGE = YES_ERROR;
				CLANG_WARN_DOCUMENTATION_COMMENTS = YES;
				CLANG_WARN_EMPTY_BODY = YES;
				CLANG_WARN_ENUM_CONVERSION = YES;
				CLANG_WARN_INFINITE_RECURSION = YES;
				CLANG_WARN_INT_CONVERSION = YES;
				CLANG_WARN_NON_LITERAL_NULL_CONVERSION = YES;
				CLANG_WARN_OBJC_IMPLICIT_RETAIN_SELF = YES;
				CLANG_WARN_OBJC_LITERAL_CONVERSION = YES;
				CLANG_WARN_OBJC_ROOT_CLASS = YES_ERROR;
				CLANG_WARN_QUOTED_INCLUDE_IN_FRAMEWORK_HEADER = YES;
				CLANG_WARN_RANGE_LOOP_ANALYSIS = YES;
				CLANG_WARN_STRICT_PROTOTYPES = YES;
				CLANG_WARN_SUSPICIOUS_MOVE = YES;
				CLANG_WARN_UNGUARDED_AVAILABILITY = YES_AGGRESSIVE;
				CLANG_WARN_UNREACHABLE_CODE = YES;
				CLANG_WARN__DUPLICATE_METHOD_MATCH = YES;
				COPY_PHASE_STRIP = NO;
				DEBUG_INFORMATION_FORMAT = "dwarf-with-dsym";
				ENABLE_NS_ASSERTIONS = NO;
				ENABLE_STRICT_OBJC_MSGSEND = YES;
				GCC_C_LANGUAGE_STANDARD = gnu11;
				GCC_NO_COMMON_BLOCKS = YES;
				GCC_WARN_64_TO_32_BIT_CONVERSION = YES;
				GCC_WARN_ABOUT_RETURN_TYPE = YES_ERROR;
				GCC_WARN_UNDECLARED_SELECTOR = YES;
				GCC_WARN_UNINITIALIZED_AUTOS = YES_AGGRESSIVE;
				GCC_WARN_UNUSED_FUNCTION = YES;
				GCC_WARN_UNUSED_VARIABLE = YES;
				IPHONEOS_DEPLOYMENT_TARGET = 16.4;
				MTL_ENABLE_DEBUG_INFO = NO;
				MTL_FAST_MATH = YES;
				SDKROOT = iphoneos;
				SWIFT_COMPILATION_MODE = wholemodule;
				SWIFT_OPTIMIZATION_LEVEL = "-O";
				VALIDATE_PRODUCT = YES;
			};
			name = Release;
		};
		0D274CFC2A840F5500DB5714 /* Debug */ = {
			isa = XCBuildConfiguration;
			buildSettings = {
				ASSETCATALOG_COMPILER_APPICON_NAME = AppIcon;
				ASSETCATALOG_COMPILER_GLOBAL_ACCENT_COLOR_NAME = AccentColor;
				CODE_SIGN_STYLE = Automatic;
				CURRENT_PROJECT_VERSION = 1;
				DEVELOPMENT_ASSET_PATHS = "\"Enhanced-Components/Preview Content\"";
				DEVELOPMENT_TEAM = S3646888C2;
				ENABLE_PREVIEWS = YES;
				GENERATE_INFOPLIST_FILE = YES;
				INFOPLIST_KEY_UIApplicationSceneManifest_Generation = YES;
				INFOPLIST_KEY_UIApplicationSupportsIndirectInputEvents = YES;
				INFOPLIST_KEY_UILaunchScreen_Generation = YES;
				INFOPLIST_KEY_UIStatusBarStyle = UIStatusBarStyleDarkContent;
				INFOPLIST_KEY_UISupportedInterfaceOrientations = UIInterfaceOrientationPortrait;
				LD_RUNPATH_SEARCH_PATHS = (
					"$(inherited)",
					"@executable_path/Frameworks",
				);
				MARKETING_VERSION = 1.0;
				PRODUCT_BUNDLE_IDENTIFIER = "abilgin02.Enhanced-Components";
				PRODUCT_NAME = "$(TARGET_NAME)";
				SWIFT_EMIT_LOC_STRINGS = YES;
				SWIFT_VERSION = 5.0;
				TARGETED_DEVICE_FAMILY = "1,2";
			};
			name = Debug;
		};
		0D274CFD2A840F5500DB5714 /* Release */ = {
			isa = XCBuildConfiguration;
			buildSettings = {
				ASSETCATALOG_COMPILER_APPICON_NAME = AppIcon;
				ASSETCATALOG_COMPILER_GLOBAL_ACCENT_COLOR_NAME = AccentColor;
				CODE_SIGN_STYLE = Automatic;
				CURRENT_PROJECT_VERSION = 1;
				DEVELOPMENT_ASSET_PATHS = "\"Enhanced-Components/Preview Content\"";
				DEVELOPMENT_TEAM = S3646888C2;
				ENABLE_PREVIEWS = YES;
				GENERATE_INFOPLIST_FILE = YES;
				INFOPLIST_KEY_UIApplicationSceneManifest_Generation = YES;
				INFOPLIST_KEY_UIApplicationSupportsIndirectInputEvents = YES;
				INFOPLIST_KEY_UILaunchScreen_Generation = YES;
				INFOPLIST_KEY_UIStatusBarStyle = UIStatusBarStyleDarkContent;
				INFOPLIST_KEY_UISupportedInterfaceOrientations = UIInterfaceOrientationPortrait;
				LD_RUNPATH_SEARCH_PATHS = (
					"$(inherited)",
					"@executable_path/Frameworks",
				);
				MARKETING_VERSION = 1.0;
				PRODUCT_BUNDLE_IDENTIFIER = "abilgin02.Enhanced-Components";
				PRODUCT_NAME = "$(TARGET_NAME)";
				SWIFT_EMIT_LOC_STRINGS = YES;
				SWIFT_VERSION = 5.0;
				TARGETED_DEVICE_FAMILY = "1,2";
			};
			name = Release;
		};
/* End XCBuildConfiguration section */

/* Begin XCConfigurationList section */
		0D274CE82A840F5400DB5714 /* Build configuration list for PBXProject "Enhanced-Components" */ = {
			isa = XCConfigurationList;
			buildConfigurations = (
				0D274CF92A840F5500DB5714 /* Debug */,
				0D274CFA2A840F5500DB5714 /* Release */,
			);
			defaultConfigurationIsVisible = 0;
			defaultConfigurationName = Release;
		};
		0D274CFB2A840F5500DB5714 /* Build configuration list for PBXNativeTarget "Enhanced-Components" */ = {
			isa = XCConfigurationList;
			buildConfigurations = (
				0D274CFC2A840F5500DB5714 /* Debug */,
				0D274CFD2A840F5500DB5714 /* Release */,
			);
			defaultConfigurationIsVisible = 0;
			defaultConfigurationName = Release;
		};
/* End XCConfigurationList section */
	};
	rootObject = 0D274CE52A840F5400DB5714 /* Project object */;
}
